
Microsoft Visual Studio Solution File, Format Version 11.00
# Visual Studio 2010
Project("{FAE04EC0-301F-11D3-BF4B-00C04F79EFBC}") = "Persistencia", "Persistencia\Persistencia.csproj", "{36D3776F-1165-4E1B-A61F-587B95BD7031}"
EndProject
Project("{FAE04EC0-301F-11D3-BF4B-00C04F79EFBC}") = "EntidadesCompartidas", "EntidadesCompartidas\EntidadesCompartidas.csproj", "{3634C492-3285-49EF-9E34-85B6DDEAE8FF}"
EndProject
Project("{FAE04EC0-301F-11D3-BF4B-00C04F79EFBC}") = "Logica", "Logica\Logica.csproj", "{2B57FE83-E15B-47EB-A7D4-69676B3468CB}"
EndProject
Project("{E24C65DC-7377-472B-9ABA-BC803B73C61A}") = "sitioWeb", "sitioWeb\", "{BC2244E2-BE83-4AAB-904C-ADA996D215C0}"
	ProjectSection(WebsiteProperties) = preProject
		TargetFrameworkMoniker = ".NETFramework,Version%3Dv4.0"
		ProjectReferences = "{3634C492-3285-49EF-9E34-85B6DDEAE8FF}|EntidadesCompartidas.dll;{2B57FE83-E15B-47EB-A7D4-69676B3468CB}|Logica.dll;{36D3776F-1165-4E1B-A61F-587B95BD7031}|Persistencia.dll;"
		Debug.AspNetCompiler.VirtualPath = "/sitioWeb"
		Debug.AspNetCompiler.PhysicalPath = "sitioWeb\"
		Debug.AspNetCompiler.TargetPath = "PrecompiledWeb\sitioWeb\"
		Debug.AspNetCompiler.Updateable = "true"
		Debug.AspNetCompiler.ForceOverwrite = "true"
		Debug.AspNetCompiler.FixedNames = "false"
		Debug.AspNetCompiler.Debug = "True"
		Release.AspNetCompiler.VirtualPath = "/sitioWeb"
		Release.AspNetCompiler.PhysicalPath = "sitioWeb\"
		Release.AspNetCompiler.TargetPath = "PrecompiledWeb\sitioWeb\"
		Release.AspNetCompiler.Updateable = "true"
		Release.AspNetCompiler.ForceOverwrite = "true"
		Release.AspNetCompiler.FixedNames = "false"
		Release.AspNetCompiler.Debug = "False"
		VWDPort = "11346"
		DefaultWebSiteLanguage = "Visual C#"
	EndProjectSection
EndProject
Project("{E24C65DC-7377-472B-9ABA-BC803B73C61A}") = "WebService", "WebService\", "{09B8711D-7574-4302-8FAA-A2ED89BFB30D}"
	ProjectSection(WebsiteProperties) = preProject
		TargetFrameworkMoniker = ".NETFramework,Version%3Dv3.5"
		ProjectReferences = "{2B57FE83-E15B-47EB-A7D4-69676B3468CB}|Logica.dll;{3634C492-3285-49EF-9E34-85B6DDEAE8FF}|EntidadesCompartidas.dll;{36D3776F-1165-4E1B-A61F-587B95BD7031}|Persistencia.dll;"
		Debug.AspNetCompiler.VirtualPath = "/WebService"
		Debug.AspNetCompiler.PhysicalPath = "WebService\"
		Debug.AspNetCompiler.TargetPath = "PrecompiledWeb\WebService\"
		Debug.AspNetCompiler.Updateable = "true"
		Debug.AspNetCompiler.ForceOverwrite = "true"
		Debug.AspNetCompiler.FixedNames = "false"
		Debug.AspNetCompiler.Debug = "True"
		Release.AspNetCompiler.VirtualPath = "/WebService"
		Release.AspNetCompiler.PhysicalPath = "WebService\"
		Release.AspNetCompiler.TargetPath = "PrecompiledWeb\WebService\"
		Release.AspNetCompiler.Updateable = "true"
		Release.AspNetCompiler.ForceOverwrite = "true"
		Release.AspNetCompiler.FixedNames = "false"
		Release.AspNetCompiler.Debug = "False"
		VWDPort = "6749"
		DefaultWebSiteLanguage = "Visual C#"
	EndProjectSection
EndProject
Global
	GlobalSection(SolutionConfigurationPlatforms) = preSolution
		Debug|Any CPU = Debug|Any CPU
		Release|Any CPU = Release|Any CPU
	EndGlobalSection
	GlobalSection(ProjectConfigurationPlatforms) = postSolution
		{36D3776F-1165-4E1B-A61F-587B95BD7031}.Debug|Any CPU.ActiveCfg = Debug|Any CPU
		{36D3776F-1165-4E1B-A61F-587B95BD7031}.Debug|Any CPU.Build.0 = Debug|Any CPU
		{36D3776F-1165-4E1B-A61F-587B95BD7031}.Release|Any CPU.ActiveCfg = Release|Any CPU
		{36D3776F-1165-4E1B-A61F-587B95BD7031}.Release|Any CPU.Build.0 = Release|Any CPU
		{3634C492-3285-49EF-9E34-85B6DDEAE8FF}.Debug|Any CPU.ActiveCfg = Debug|Any CPU
		{3634C492-3285-49EF-9E34-85B6DDEAE8FF}.Debug|Any CPU.Build.0 = Debug|Any CPU
		{3634C492-3285-49EF-9E34-85B6DDEAE8FF}.Release|Any CPU.ActiveCfg = Release|Any CPU
		{3634C492-3285-49EF-9E34-85B6DDEAE8FF}.Release|Any CPU.Build.0 = Release|Any CPU
		{2B57FE83-E15B-47EB-A7D4-69676B3468CB}.Debug|Any CPU.ActiveCfg = Debug|Any CPU
		{2B57FE83-E15B-47EB-A7D4-69676B3468CB}.Debug|Any CPU.Build.0 = Debug|Any CPU
		{2B57FE83-E15B-47EB-A7D4-69676B3468CB}.Release|Any CPU.ActiveCfg = Release|Any CPU
		{2B57FE83-E15B-47EB-A7D4-69676B3468CB}.Release|Any CPU.Build.0 = Release|Any CPU
		{BC2244E2-BE83-4AAB-904C-ADA996D215C0}.Debug|Any CPU.ActiveCfg = Debug|Any CPU
		{BC2244E2-BE83-4AAB-904C-ADA996D215C0}.Debug|Any CPU.Build.0 = Debug|Any CPU
		{BC2244E2-BE83-4AAB-904C-ADA996D215C0}.Release|Any CPU.ActiveCfg = Debug|Any CPU
		{BC2244E2-BE83-4AAB-904C-ADA996D215C0}.Release|Any CPU.Build.0 = Debug|Any CPU
		{09B8711D-7574-4302-8FAA-A2ED89BFB30D}.Debug|Any CPU.ActiveCfg = Debug|Any CPU
		{09B8711D-7574-4302-8FAA-A2ED89BFB30D}.Debug|Any CPU.Build.0 = Debug|Any CPU
		{09B8711D-7574-4302-8FAA-A2ED89BFB30D}.Release|Any CPU.ActiveCfg = Debug|Any CPU
		{09B8711D-7574-4302-8FAA-A2ED89BFB30D}.Release|Any CPU.Build.0 = Debug|Any CPU
	EndGlobalSection
	GlobalSection(SolutionProperties) = preSolution
		HideSolutionNode = FALSE
	EndGlobalSection
EndGlobal
